
Microsoft Visual Studio Solution File, Format Version 12.00
# Visual Studio Version 17
VisualStudioVersion = 17.1.32228.430
MinimumVisualStudioVersion = 10.0.40219.1
Project("{9A19103F-16F7-4668-BE54-9A1E7A4F7556}") = "DiamondKataLib", "DiamondKataLib\DiamondKataLib.csproj", "{E393D27D-E1DB-48F5-A6F7-09FBBE1392F9}"
EndProject
Project("{FAE04EC0-301F-11D3-BF4B-00C04F79EFBC}") = "DiamondKataTests", "DiamondKataTests\DiamondKataTests.csproj", "{A2F66FB4-ACBD-4450-959B-AB5633170D95}"
EndProject
Project("{2150E333-8FDC-42A3-9474-1A3956D46DE8}") = "SolutionItems", "SolutionItems", "{5CC6FBA0-2616-4BB3-BC28-C14AE2DEAF33}"
	ProjectSection(SolutionItems) = preProject
		.gitignore = .gitignore
		README.md = README.md
	EndProjectSection
EndProject
Project("{FAE04EC0-301F-11D3-BF4B-00C04F79EFBC}") = "DiamondKataApp", "DiamondKataApp\DiamondKataApp.csproj", "{8426AE8F-6A38-4848-8788-F18E2663F413}"
EndProject
Global
	GlobalSection(SolutionConfigurationPlatforms) = preSolution
		Debug|Any CPU = Debug|Any CPU
		Release|Any CPU = Release|Any CPU
	EndGlobalSection
	GlobalSection(ProjectConfigurationPlatforms) = postSolution
		{E393D27D-E1DB-48F5-A6F7-09FBBE1392F9}.Debug|Any CPU.ActiveCfg = Debug|Any CPU
		{E393D27D-E1DB-48F5-A6F7-09FBBE1392F9}.Debug|Any CPU.Build.0 = Debug|Any CPU
		{E393D27D-E1DB-48F5-A6F7-09FBBE1392F9}.Release|Any CPU.ActiveCfg = Release|Any CPU
		{E393D27D-E1DB-48F5-A6F7-09FBBE1392F9}.Release|Any CPU.Build.0 = Release|Any CPU
		{A2F66FB4-ACBD-4450-959B-AB5633170D95}.Debug|Any CPU.ActiveCfg = Debug|Any CPU
		{A2F66FB4-ACBD-4450-959B-AB5633170D95}.Debug|Any CPU.Build.0 = Debug|Any CPU
		{A2F66FB4-ACBD-4450-959B-AB5633170D95}.Release|Any CPU.ActiveCfg = Release|Any CPU
		{A2F66FB4-ACBD-4450-959B-AB5633170D95}.Release|Any CPU.Build.0 = Release|Any CPU
		{8426AE8F-6A38-4848-8788-F18E2663F413}.Debug|Any CPU.ActiveCfg = Debug|Any CPU
		{8426AE8F-6A38-4848-8788-F18E2663F413}.Debug|Any CPU.Build.0 = Debug|Any CPU
		{8426AE8F-6A38-4848-8788-F18E2663F413}.Release|Any CPU.ActiveCfg = Release|Any CPU
		{8426AE8F-6A38-4848-8788-F18E2663F413}.Release|Any CPU.Build.0 = Release|Any CPU
	EndGlobalSection
	GlobalSection(SolutionProperties) = preSolution
		HideSolutionNode = FALSE
	EndGlobalSection
	GlobalSection(ExtensibilityGlobals) = postSolution
		SolutionGuid = {37136187-9C0C-4BD2-A9BE-C931D2A60DF1}
	EndGlobalSection
EndGlobal
